// !$*UTF8*$!
{
	archiveVersion = 1;
	classes = {
	};
	objectVersion = 46;
	objects = {

/* Begin PBXBuildFile section */
		6501E7BB1A6C6A620030899E /* QBESQL.swift in Sources */ = {isa = PBXBuildFile; fileRef = 6501E7B81A6C6A620030899E /* QBESQL.swift */; };
		6501E7BC1A6C6A620030899E /* QBESQLiteStep.swift in Sources */ = {isa = PBXBuildFile; fileRef = 6501E7B91A6C6A620030899E /* QBESQLiteStep.swift */; };
		6501E7BD1A6C6A620030899E /* QBECSVStep.swift in Sources */ = {isa = PBXBuildFile; fileRef = 6501E7BA1A6C6A620030899E /* QBECSVStep.swift */; };
		6506D3CD1A0A69C500F88F1E /* QBEValue.swift in Sources */ = {isa = PBXBuildFile; fileRef = 6506D3CC1A0A69C500F88F1E /* QBEValue.swift */; };
		6510A7391A4D9832005633EF /* MBTableGrid.framework in Frameworks */ = {isa = PBXBuildFile; fileRef = 6510A7361A4D9812005633EF /* MBTableGrid.framework */; };
		6510A73D1A4E9A47005633EF /* QBEStep.swift in Sources */ = {isa = PBXBuildFile; fileRef = 6510A73C1A4E9A47005633EF /* QBEStep.swift */; };
		651988E61A0F9C30003463AA /* CHCSVParser.m in Sources */ = {isa = PBXBuildFile; fileRef = 651988E51A0F9C30003463AA /* CHCSVParser.m */; };
		652BEBDF1A063029002E45C7 /* QBEDataViewController.swift in Sources */ = {isa = PBXBuildFile; fileRef = 652BEBDD1A063029002E45C7 /* QBEDataViewController.swift */; };
		652BEC411A063F96002E45C7 /* QBEWindowController.swift in Sources */ = {isa = PBXBuildFile; fileRef = 652BEC401A063F96002E45C7 /* QBEWindowController.swift */; };
		653414F01A5DD0A500DDD472 /* QBEFormula.swift in Sources */ = {isa = PBXBuildFile; fileRef = 653414EF1A5DD0A500DDD472 /* QBEFormula.swift */; };
		653414F11A5DD0A500DDD472 /* QBEFormula.swift in Sources */ = {isa = PBXBuildFile; fileRef = 653414EF1A5DD0A500DDD472 /* QBEFormula.swift */; };
		653E89631A6F9D1C00E9A6F4 /* QBEStream.swift in Sources */ = {isa = PBXBuildFile; fileRef = 653E89621A6F9D1C00E9A6F4 /* QBEStream.swift */; };
		653E89651A6FA2D700E9A6F4 /* QBEStream.swift in Sources */ = {isa = PBXBuildFile; fileRef = 653E89621A6F9D1C00E9A6F4 /* QBEStream.swift */; };
		6548F2341A8673BF00FE8EF2 /* extension-functions.c in Sources */ = {isa = PBXBuildFile; fileRef = 6548F2331A8673BF00FE8EF2 /* extension-functions.c */; };
		654AE1671AA514530022C533 /* SwiftParser.framework in Frameworks */ = {isa = PBXBuildFile; fileRef = 652872921A5D16C200C155FA /* SwiftParser.framework */; };
		654AE16B1AA5163E0022C533 /* QBEFlattenStepView.xib in Resources */ = {isa = PBXBuildFile; fileRef = 654AE16D1AA5163E0022C533 /* QBEFlattenStepView.xib */; };
		654AE1781AA59B3B0022C533 /* QBECalculateStepView.swift in Sources */ = {isa = PBXBuildFile; fileRef = 654AE1731AA59B3B0022C533 /* QBECalculateStepView.swift */; };
		654AE1791AA59B3B0022C533 /* QBECSVStepView.swift in Sources */ = {isa = PBXBuildFile; fileRef = 654AE1741AA59B3B0022C533 /* QBECSVStepView.swift */; };
		654AE17A1AA59B3B0022C533 /* QBEFilterStepView.swift in Sources */ = {isa = PBXBuildFile; fileRef = 654AE1751AA59B3B0022C533 /* QBEFilterStepView.swift */; };
		654AE17B1AA59B3B0022C533 /* QBEFlattenStepView.swift in Sources */ = {isa = PBXBuildFile; fileRef = 654AE1761AA59B3B0022C533 /* QBEFlattenStepView.swift */; };
		654AE17C1AA59B3B0022C533 /* QBEPivotStepView.swift in Sources */ = {isa = PBXBuildFile; fileRef = 654AE1771AA59B3B0022C533 /* QBEPivotStepView.swift */; };
		654AE17E1AA59BBC0022C533 /* QBESQLiteSourceStepView.swift in Sources */ = {isa = PBXBuildFile; fileRef = 654AE17D1AA59BBC0022C533 /* QBESQLiteSourceStepView.swift */; };
		654AE1801AA59BDB0022C533 /* QBELimitStepView.swift in Sources */ = {isa = PBXBuildFile; fileRef = 654AE17F1AA59BDB0022C533 /* QBELimitStepView.swift */; };
		654AE1821AA59BF30022C533 /* QBERandomStepView.swift in Sources */ = {isa = PBXBuildFile; fileRef = 654AE1811AA59BF30022C533 /* QBERandomStepView.swift */; };
		654EBA781AA7A2AE00DDBBCA /* QBEFlattenStepView.swift in Sources */ = {isa = PBXBuildFile; fileRef = 654AE1761AA59B3B0022C533 /* QBEFlattenStepView.swift */; };
		654EBA791AA7A2AE00DDBBCA /* CHCSVParser.m in Sources */ = {isa = PBXBuildFile; fileRef = 651988E51A0F9C30003463AA /* CHCSVParser.m */; };
		654EBA7A1AA7A2AE00DDBBCA /* QBEPivotStepView.swift in Sources */ = {isa = PBXBuildFile; fileRef = 654AE1771AA59B3B0022C533 /* QBEPivotStepView.swift */; };
		654EBA7B1AA7A2AE00DDBBCA /* QBELocale.swift in Sources */ = {isa = PBXBuildFile; fileRef = 658C23B61A5F23A000D6B1D0 /* QBELocale.swift */; };
		654EBA7C1AA7A2AE00DDBBCA /* QBEWindowController.swift in Sources */ = {isa = PBXBuildFile; fileRef = 652BEC401A063F96002E45C7 /* QBEWindowController.swift */; };
		654EBA7D1AA7A2AE00DDBBCA /* QBELimitStepView.swift in Sources */ = {isa = PBXBuildFile; fileRef = 654AE17F1AA59BDB0022C533 /* QBELimitStepView.swift */; };
		654EBA7E1AA7A2AE00DDBBCA /* QBECalculateStep.swift in Sources */ = {isa = PBXBuildFile; fileRef = 65D6F9DB1A597CC9006B6995 /* QBECalculateStep.swift */; };
		654EBA7F1AA7A2AE00DDBBCA /* QBEStep.swift in Sources */ = {isa = PBXBuildFile; fileRef = 6510A73C1A4E9A47005633EF /* QBEStep.swift */; };
		654EBA801AA7A2AE00DDBBCA /* extension-functions.c in Sources */ = {isa = PBXBuildFile; fileRef = 6548F2331A8673BF00FE8EF2 /* extension-functions.c */; };
		654EBA811AA7A2AE00DDBBCA /* QBECSVStep.swift in Sources */ = {isa = PBXBuildFile; fileRef = 6501E7BA1A6C6A620030899E /* QBECSVStep.swift */; };
		654EBA821AA7A2AE00DDBBCA /* QBEViewController.swift in Sources */ = {isa = PBXBuildFile; fileRef = 65E3C2F21A062E5E007BB3C8 /* QBEViewController.swift */; };
		654EBA831AA7A2AE00DDBBCA /* QBEValue.swift in Sources */ = {isa = PBXBuildFile; fileRef = 6506D3CC1A0A69C500F88F1E /* QBEValue.swift */; };
		654EBA841AA7A2AE00DDBBCA /* QBEFlattenStep.swift in Sources */ = {isa = PBXBuildFile; fileRef = 659A27F01AA504F7009269A4 /* QBEFlattenStep.swift */; };
		654EBA851AA7A2AE00DDBBCA /* QBEStepView.swift in Sources */ = {isa = PBXBuildFile; fileRef = 656AA1EF1A65BB90006D331A /* QBEStepView.swift */; };
		654EBA861AA7A2AE00DDBBCA /* QBERaster.swift in Sources */ = {isa = PBXBuildFile; fileRef = 65ABB15D1A0ABF4A00A56C49 /* QBERaster.swift */; };
		654EBA871AA7A2AE00DDBBCA /* QBEColumnsStep.swift in Sources */ = {isa = PBXBuildFile; fileRef = 65776EEC1A62D8E700F7F82A /* QBEColumnsStep.swift */; };
		654EBA881AA7A2AE00DDBBCA /* QBEFilterStepView.swift in Sources */ = {isa = PBXBuildFile; fileRef = 654AE1751AA59B3B0022C533 /* QBEFilterStepView.swift */; };
		654EBA891AA7A2AE00DDBBCA /* QBECSVStepView.swift in Sources */ = {isa = PBXBuildFile; fileRef = 654AE1741AA59B3B0022C533 /* QBECSVStepView.swift */; };
		654EBA8A1AA7A2AE00DDBBCA /* QBEFuture.swift in Sources */ = {isa = PBXBuildFile; fileRef = 657A9C9A1AA1FC0600E28074 /* QBEFuture.swift */; };
		654EBA8B1AA7A2AE00DDBBCA /* QBERowsStep.swift in Sources */ = {isa = PBXBuildFile; fileRef = 6589779D1A55C090001001F2 /* QBERowsStep.swift */; };
		654EBA8C1AA7A2AE00DDBBCA /* QBESQLiteSourceStepView.swift in Sources */ = {isa = PBXBuildFile; fileRef = 654AE17D1AA59BBC0022C533 /* QBESQLiteSourceStepView.swift */; };
		654EBA8D1AA7A2AE00DDBBCA /* QBESuggestionsViewController.swift in Sources */ = {isa = PBXBuildFile; fileRef = 658977A41A580FE8001001F2 /* QBESuggestionsViewController.swift */; };
		654EBA8E1AA7A2AE00DDBBCA /* QBEStream.swift in Sources */ = {isa = PBXBuildFile; fileRef = 653E89621A6F9D1C00E9A6F4 /* QBEStream.swift */; };
		654EBA8F1AA7A2AE00DDBBCA /* QBEExpression.swift in Sources */ = {isa = PBXBuildFile; fileRef = 65D6F9D91A597C81006B6995 /* QBEExpression.swift */; };
		654EBA901AA7A2AE00DDBBCA /* QBEDataViewController.swift in Sources */ = {isa = PBXBuildFile; fileRef = 652BEBDD1A063029002E45C7 /* QBEDataViewController.swift */; };
		654EBA911AA7A2AE00DDBBCA /* QBEData.swift in Sources */ = {isa = PBXBuildFile; fileRef = 65D6F9E11A59B8AA006B6995 /* QBEData.swift */; };
		654EBA921AA7A2AE00DDBBCA /* QBEStepsViewController.swift in Sources */ = {isa = PBXBuildFile; fileRef = 6567AC871AA1C92D00640CC5 /* QBEStepsViewController.swift */; };
		654EBA931AA7A2AE00DDBBCA /* QBEAddColumnViewController.swift in Sources */ = {isa = PBXBuildFile; fileRef = 65776EEF1A62FFD800F7F82A /* QBEAddColumnViewController.swift */; };
		654EBA941AA7A2AE00DDBBCA /* QBESettingsViewController.swift in Sources */ = {isa = PBXBuildFile; fileRef = 658977A21A57077E001001F2 /* QBESettingsViewController.swift */; };
		654EBA951AA7A2AE00DDBBCA /* QBEPivotStep.swift in Sources */ = {isa = PBXBuildFile; fileRef = 65F3867F1A6BBAB700C83810 /* QBEPivotStep.swift */; };
		654EBA961AA7A2AE00DDBBCA /* QBECalculateStepView.swift in Sources */ = {isa = PBXBuildFile; fileRef = 654AE1731AA59B3B0022C533 /* QBECalculateStepView.swift */; };
		654EBA971AA7A2AE00DDBBCA /* QBERasterStep.swift in Sources */ = {isa = PBXBuildFile; fileRef = 65D6F9EC1A59CD1A006B6995 /* QBERasterStep.swift */; };
		654EBA981AA7A2AE00DDBBCA /* QBESQLiteStep.swift in Sources */ = {isa = PBXBuildFile; fileRef = 6501E7B91A6C6A620030899E /* QBESQLiteStep.swift */; };
		654EBA991AA7A2AE00DDBBCA /* QBERandomStepView.swift in Sources */ = {isa = PBXBuildFile; fileRef = 654AE1811AA59BF30022C533 /* QBERandomStepView.swift */; };
		654EBA9A1AA7A2AE00DDBBCA /* QBEFunction.swift in Sources */ = {isa = PBXBuildFile; fileRef = 65776EE71A614CE100F7F82A /* QBEFunction.swift */; };
		654EBA9B1AA7A2AE00DDBBCA /* QBESQL.swift in Sources */ = {isa = PBXBuildFile; fileRef = 6501E7B81A6C6A620030899E /* QBESQL.swift */; };
		654EBA9C1AA7A2AE00DDBBCA /* QBEFormula.swift in Sources */ = {isa = PBXBuildFile; fileRef = 653414EF1A5DD0A500DDD472 /* QBEFormula.swift */; };
		654EBA9D1AA7A2AE00DDBBCA /* QBEAppDelegate.swift in Sources */ = {isa = PBXBuildFile; fileRef = 65E3C2F01A062E5E007BB3C8 /* QBEAppDelegate.swift */; };
		654EBA9E1AA7A2AE00DDBBCA /* QBEDocument.swift in Sources */ = {isa = PBXBuildFile; fileRef = 65E3C2F41A062E5E007BB3C8 /* QBEDocument.swift */; };
		654EBAA01AA7A2AE00DDBBCA /* libsqlite3.dylib in Frameworks */ = {isa = PBXBuildFile; fileRef = 65776F111A6483AD00F7F82A /* libsqlite3.dylib */; };
		654EBAA11AA7A2AE00DDBBCA /* SwiftParser.framework in Frameworks */ = {isa = PBXBuildFile; fileRef = 652872921A5D16C200C155FA /* SwiftParser.framework */; };
		654EBAA21AA7A2AE00DDBBCA /* MBTableGrid.framework in Frameworks */ = {isa = PBXBuildFile; fileRef = 6510A7361A4D9812005633EF /* MBTableGrid.framework */; };
		654EBAA41AA7A2AE00DDBBCA /* QBEStepsItem.xib in Resources */ = {isa = PBXBuildFile; fileRef = 6567AC8A1AA1D12C00640CC5 /* QBEStepsItem.xib */; };
		654EBAA51AA7A2AE00DDBBCA /* QBEPivotStepView.xib in Resources */ = {isa = PBXBuildFile; fileRef = 65DBA5631A798F31004CDF36 /* QBEPivotStepView.xib */; };
		654EBAA61AA7A2AE00DDBBCA /* Localizable.strings in Resources */ = {isa = PBXBuildFile; fileRef = 6593B7321AA37AE200BE9726 /* Localizable.strings */; };
		654EBAA71AA7A2AE00DDBBCA /* QBECalculateStepView.xib in Resources */ = {isa = PBXBuildFile; fileRef = 65F4E2691A683B3600BB57B8 /* QBECalculateStepView.xib */; };
		654EBAA81AA7A2AE00DDBBCA /* QBERandomStepView.xib in Resources */ = {isa = PBXBuildFile; fileRef = 65DBA5671A798F35004CDF36 /* QBERandomStepView.xib */; };
		654EBAA91AA7A2AE00DDBBCA /* Images.xcassets in Resources */ = {isa = PBXBuildFile; fileRef = 65E3C2F61A062E5E007BB3C8 /* Images.xcassets */; };
		654EBAAA1AA7A2AE00DDBBCA /* Main.storyboard in Resources */ = {isa = PBXBuildFile; fileRef = 65E3C2F81A062E5E007BB3C8 /* Main.storyboard */; };
		654EBAAB1AA7A2AE00DDBBCA /* QBESQLiteSourceStepView.xib in Resources */ = {isa = PBXBuildFile; fileRef = 65A7FC5D1A667F860019B747 /* QBESQLiteSourceStepView.xib */; };
		654EBAAC1AA7A2AE00DDBBCA /* QBEFlattenStepView.xib in Resources */ = {isa = PBXBuildFile; fileRef = 654AE16D1AA5163E0022C533 /* QBEFlattenStepView.xib */; };
		654EBAAD1AA7A2AE00DDBBCA /* QBECSVStepView.xib in Resources */ = {isa = PBXBuildFile; fileRef = 65DBA56A1A798F41004CDF36 /* QBECSVStepView.xib */; };
		654EBAAE1AA7A2AE00DDBBCA /* QBELimitStepView.xib in Resources */ = {isa = PBXBuildFile; fileRef = 65894A0B1A67036200B0C161 /* QBELimitStepView.xib */; };
		654EBAAF1AA7A2AE00DDBBCA /* QBEFilterStepView.xib in Resources */ = {isa = PBXBuildFile; fileRef = 65C4F3A91A992A6C00197CF4 /* QBEFilterStepView.xib */; };
		654EBAB11AA7A2AE00DDBBCA /* MBTableGrid.framework in CopyFiles */ = {isa = PBXBuildFile; fileRef = 6510A7361A4D9812005633EF /* MBTableGrid.framework */; settings = {ATTRIBUTES = (CodeSignOnCopy, RemoveHeadersOnCopy, ); }; };
		654EBAB21AA7A2AE00DDBBCA /* SwiftParser.framework in CopyFiles */ = {isa = PBXBuildFile; fileRef = 652872921A5D16C200C155FA /* SwiftParser.framework */; settings = {ATTRIBUTES = (CodeSignOnCopy, RemoveHeadersOnCopy, ); }; };
		654EBAC21AA8B73C00DDBBCA /* Warp.entitlements in Resources */ = {isa = PBXBuildFile; fileRef = 654EBA711AA7947400DDBBCA /* Warp.entitlements */; };
		654EBAC31AA8B73D00DDBBCA /* Warp.entitlements in Resources */ = {isa = PBXBuildFile; fileRef = 654EBA711AA7947400DDBBCA /* Warp.entitlements */; };
		6567AC881AA1C92D00640CC5 /* QBEStepsViewController.swift in Sources */ = {isa = PBXBuildFile; fileRef = 6567AC871AA1C92D00640CC5 /* QBEStepsViewController.swift */; };
		6567AC8B1AA1D12C00640CC5 /* QBEStepsItem.xib in Resources */ = {isa = PBXBuildFile; fileRef = 6567AC8A1AA1D12C00640CC5 /* QBEStepsItem.xib */; };
		656AA1F01A65BB90006D331A /* QBEStepView.swift in Sources */ = {isa = PBXBuildFile; fileRef = 656AA1EF1A65BB90006D331A /* QBEStepView.swift */; };
		65776EE81A614CE100F7F82A /* QBEFunction.swift in Sources */ = {isa = PBXBuildFile; fileRef = 65776EE71A614CE100F7F82A /* QBEFunction.swift */; };
		65776EE91A614D1400F7F82A /* QBEFunction.swift in Sources */ = {isa = PBXBuildFile; fileRef = 65776EE71A614CE100F7F82A /* QBEFunction.swift */; };
		65776EED1A62D8E700F7F82A /* QBEColumnsStep.swift in Sources */ = {isa = PBXBuildFile; fileRef = 65776EEC1A62D8E700F7F82A /* QBEColumnsStep.swift */; };
		65776EF01A62FFD800F7F82A /* QBEAddColumnViewController.swift in Sources */ = {isa = PBXBuildFile; fileRef = 65776EEF1A62FFD800F7F82A /* QBEAddColumnViewController.swift */; };
		65776F101A6470BB00F7F82A /* SwiftParser.framework in Frameworks */ = {isa = PBXBuildFile; fileRef = 652872921A5D16C200C155FA /* SwiftParser.framework */; };
		65776F121A6483AD00F7F82A /* libsqlite3.dylib in Frameworks */ = {isa = PBXBuildFile; fileRef = 65776F111A6483AD00F7F82A /* libsqlite3.dylib */; };
		657A9C9B1AA1FC0600E28074 /* QBEFuture.swift in Sources */ = {isa = PBXBuildFile; fileRef = 657A9C9A1AA1FC0600E28074 /* QBEFuture.swift */; };
		65894A091A67036200B0C161 /* QBELimitStepView.xib in Resources */ = {isa = PBXBuildFile; fileRef = 65894A0B1A67036200B0C161 /* QBELimitStepView.xib */; };
		6589779E1A55C090001001F2 /* QBERowsStep.swift in Sources */ = {isa = PBXBuildFile; fileRef = 6589779D1A55C090001001F2 /* QBERowsStep.swift */; };
		658977A31A57077E001001F2 /* QBESettingsViewController.swift in Sources */ = {isa = PBXBuildFile; fileRef = 658977A21A57077E001001F2 /* QBESettingsViewController.swift */; };
		658977A51A580FE8001001F2 /* QBESuggestionsViewController.swift in Sources */ = {isa = PBXBuildFile; fileRef = 658977A41A580FE8001001F2 /* QBESuggestionsViewController.swift */; };
		658C23B71A5F23A000D6B1D0 /* QBELocale.swift in Sources */ = {isa = PBXBuildFile; fileRef = 658C23B61A5F23A000D6B1D0 /* QBELocale.swift */; };
		658C23B81A5F23A000D6B1D0 /* QBELocale.swift in Sources */ = {isa = PBXBuildFile; fileRef = 658C23B61A5F23A000D6B1D0 /* QBELocale.swift */; };
		6593B7271AA2204F00BE9726 /* QBEFuture.swift in Sources */ = {isa = PBXBuildFile; fileRef = 657A9C9A1AA1FC0600E28074 /* QBEFuture.swift */; };
		6593B7341AA37AE200BE9726 /* Localizable.strings in Resources */ = {isa = PBXBuildFile; fileRef = 6593B7321AA37AE200BE9726 /* Localizable.strings */; };
		659A27F11AA504F7009269A4 /* QBEFlattenStep.swift in Sources */ = {isa = PBXBuildFile; fileRef = 659A27F01AA504F7009269A4 /* QBEFlattenStep.swift */; };
		65A7FC5B1A667F860019B747 /* QBESQLiteSourceStepView.xib in Resources */ = {isa = PBXBuildFile; fileRef = 65A7FC5D1A667F860019B747 /* QBESQLiteSourceStepView.xib */; };
		65ABB15E1A0ABF4A00A56C49 /* QBERaster.swift in Sources */ = {isa = PBXBuildFile; fileRef = 65ABB15D1A0ABF4A00A56C49 /* QBERaster.swift */; };
		65C4F3A71A992A6C00197CF4 /* QBEFilterStepView.xib in Resources */ = {isa = PBXBuildFile; fileRef = 65C4F3A91A992A6C00197CF4 /* QBEFilterStepView.xib */; };
		65D6F9DA1A597C81006B6995 /* QBEExpression.swift in Sources */ = {isa = PBXBuildFile; fileRef = 65D6F9D91A597C81006B6995 /* QBEExpression.swift */; };
		65D6F9DC1A597CC9006B6995 /* QBECalculateStep.swift in Sources */ = {isa = PBXBuildFile; fileRef = 65D6F9DB1A597CC9006B6995 /* QBECalculateStep.swift */; };
		65D6F9E21A59B8AA006B6995 /* QBEData.swift in Sources */ = {isa = PBXBuildFile; fileRef = 65D6F9E11A59B8AA006B6995 /* QBEData.swift */; };
		65D6F9E61A59BF2C006B6995 /* QBEValue.swift in Sources */ = {isa = PBXBuildFile; fileRef = 6506D3CC1A0A69C500F88F1E /* QBEValue.swift */; };
		65D6F9E71A59BFA3006B6995 /* QBERaster.swift in Sources */ = {isa = PBXBuildFile; fileRef = 65ABB15D1A0ABF4A00A56C49 /* QBERaster.swift */; };
		65D6F9E91A59C097006B6995 /* QBEData.swift in Sources */ = {isa = PBXBuildFile; fileRef = 65D6F9E11A59B8AA006B6995 /* QBEData.swift */; };
		65D6F9EA1A59C09A006B6995 /* QBEExpression.swift in Sources */ = {isa = PBXBuildFile; fileRef = 65D6F9D91A597C81006B6995 /* QBEExpression.swift */; };
		65D6F9EB1A59C09C006B6995 /* QBEStep.swift in Sources */ = {isa = PBXBuildFile; fileRef = 6510A73C1A4E9A47005633EF /* QBEStep.swift */; };
		65D6F9ED1A59CD1A006B6995 /* QBERasterStep.swift in Sources */ = {isa = PBXBuildFile; fileRef = 65D6F9EC1A59CD1A006B6995 /* QBERasterStep.swift */; };
		65DBA5611A798F31004CDF36 /* QBEPivotStepView.xib in Resources */ = {isa = PBXBuildFile; fileRef = 65DBA5631A798F31004CDF36 /* QBEPivotStepView.xib */; };
		65DBA5651A798F35004CDF36 /* QBERandomStepView.xib in Resources */ = {isa = PBXBuildFile; fileRef = 65DBA5671A798F35004CDF36 /* QBERandomStepView.xib */; };
		65DBA5681A798F41004CDF36 /* QBECSVStepView.xib in Resources */ = {isa = PBXBuildFile; fileRef = 65DBA56A1A798F41004CDF36 /* QBECSVStepView.xib */; };
		65E3C2F11A062E5E007BB3C8 /* QBEAppDelegate.swift in Sources */ = {isa = PBXBuildFile; fileRef = 65E3C2F01A062E5E007BB3C8 /* QBEAppDelegate.swift */; };
		65E3C2F31A062E5E007BB3C8 /* QBEViewController.swift in Sources */ = {isa = PBXBuildFile; fileRef = 65E3C2F21A062E5E007BB3C8 /* QBEViewController.swift */; };
		65E3C2F51A062E5E007BB3C8 /* QBEDocument.swift in Sources */ = {isa = PBXBuildFile; fileRef = 65E3C2F41A062E5E007BB3C8 /* QBEDocument.swift */; };
		65E3C2F71A062E5E007BB3C8 /* Images.xcassets in Resources */ = {isa = PBXBuildFile; fileRef = 65E3C2F61A062E5E007BB3C8 /* Images.xcassets */; };
		65E3C2FA1A062E5E007BB3C8 /* Main.storyboard in Resources */ = {isa = PBXBuildFile; fileRef = 65E3C2F81A062E5E007BB3C8 /* Main.storyboard */; };
		65E3C3061A062E5E007BB3C8 /* QBETests.swift in Sources */ = {isa = PBXBuildFile; fileRef = 65E3C3051A062E5E007BB3C8 /* QBETests.swift */; };
		65F3867D1A6B1DFB00C83810 /* SwiftParser.framework in CopyFiles */ = {isa = PBXBuildFile; fileRef = 652872921A5D16C200C155FA /* SwiftParser.framework */; settings = {ATTRIBUTES = (CodeSignOnCopy, RemoveHeadersOnCopy, ); }; };
		65F3867E1A6B1DFE00C83810 /* MBTableGrid.framework in CopyFiles */ = {isa = PBXBuildFile; fileRef = 6510A7361A4D9812005633EF /* MBTableGrid.framework */; settings = {ATTRIBUTES = (CodeSignOnCopy, RemoveHeadersOnCopy, ); }; };
		65F386801A6BBAB700C83810 /* QBEPivotStep.swift in Sources */ = {isa = PBXBuildFile; fileRef = 65F3867F1A6BBAB700C83810 /* QBEPivotStep.swift */; };
		65F4E2671A683B3600BB57B8 /* QBECalculateStepView.xib in Resources */ = {isa = PBXBuildFile; fileRef = 65F4E2691A683B3600BB57B8 /* QBECalculateStepView.xib */; };
/* End PBXBuildFile section */

/* Begin PBXContainerItemProxy section */
		6510A7331A4D9812005633EF /* PBXContainerItemProxy */ = {
			isa = PBXContainerItemProxy;
			containerPortal = 6510A72E1A4D9811005633EF /* MBTableGrid.xcodeproj */;
			proxyType = 2;
			remoteGlobalIDString = 8D1107320486CEB800E47090;
			remoteInfo = MBTableGridDemo;
		};
		6510A7351A4D9812005633EF /* PBXContainerItemProxy */ = {
			isa = PBXContainerItemProxy;
			containerPortal = 6510A72E1A4D9811005633EF /* MBTableGrid.xcodeproj */;
			proxyType = 2;
			remoteGlobalIDString = E2E62BAA1781C33400F36275;
			remoteInfo = MBTableGrid;
		};
		6510A7371A4D982E005633EF /* PBXContainerItemProxy */ = {
			isa = PBXContainerItemProxy;
			containerPortal = 6510A72E1A4D9811005633EF /* MBTableGrid.xcodeproj */;
			proxyType = 1;
			remoteGlobalIDString = E2E62BA91781C33400F36275;
			remoteInfo = MBTableGrid;
		};
		652872911A5D16C200C155FA /* PBXContainerItemProxy */ = {
			isa = PBXContainerItemProxy;
			containerPortal = 6528728B1A5D16C200C155FA /* SwiftParser.xcodeproj */;
			proxyType = 2;
			remoteGlobalIDString = 65F1D3C6195039290077E785;
			remoteInfo = SwiftParser;
		};
		652872931A5D16C200C155FA /* PBXContainerItemProxy */ = {
			isa = PBXContainerItemProxy;
			containerPortal = 6528728B1A5D16C200C155FA /* SwiftParser.xcodeproj */;
			proxyType = 2;
			remoteGlobalIDString = 65F1D3D1195039290077E785;
			remoteInfo = SwiftParserTests;
		};
		652872951A5D16CE00C155FA /* PBXContainerItemProxy */ = {
			isa = PBXContainerItemProxy;
			containerPortal = 6528728B1A5D16C200C155FA /* SwiftParser.xcodeproj */;
			proxyType = 1;
			remoteGlobalIDString = 65F1D3C5195039290077E785;
			remoteInfo = SwiftParser;
		};
		652872971A5D16D300C155FA /* PBXContainerItemProxy */ = {
			isa = PBXContainerItemProxy;
			containerPortal = 6528728B1A5D16C200C155FA /* SwiftParser.xcodeproj */;
			proxyType = 1;
			remoteGlobalIDString = 65F1D3D0195039290077E785;
			remoteInfo = SwiftParserTests;
		};
		654AE1691AA5145E0022C533 /* PBXContainerItemProxy */ = {
			isa = PBXContainerItemProxy;
			containerPortal = 6528728B1A5D16C200C155FA /* SwiftParser.xcodeproj */;
			proxyType = 1;
			remoteGlobalIDString = 65F1D3C5195039290077E785;
			remoteInfo = SwiftParser;
		};
		654EBA741AA7A2AE00DDBBCA /* PBXContainerItemProxy */ = {
			isa = PBXContainerItemProxy;
			containerPortal = 6528728B1A5D16C200C155FA /* SwiftParser.xcodeproj */;
			proxyType = 1;
			remoteGlobalIDString = 65F1D3C5195039290077E785;
			remoteInfo = SwiftParser;
		};
		654EBA761AA7A2AE00DDBBCA /* PBXContainerItemProxy */ = {
			isa = PBXContainerItemProxy;
			containerPortal = 6510A72E1A4D9811005633EF /* MBTableGrid.xcodeproj */;
			proxyType = 1;
			remoteGlobalIDString = E2E62BA91781C33400F36275;
			remoteInfo = MBTableGrid;
		};
		65E3C3001A062E5E007BB3C8 /* PBXContainerItemProxy */ = {
			isa = PBXContainerItemProxy;
			containerPortal = 65E3C2AC1A05222F007BB3C8 /* Project object */;
			proxyType = 1;
			remoteGlobalIDString = 65E3C2EB1A062E5E007BB3C8;
			remoteInfo = QBE;
		};
/* End PBXContainerItemProxy section */

/* Begin PBXCopyFilesBuildPhase section */
		654EBAB01AA7A2AE00DDBBCA /* CopyFiles */ = {
			isa = PBXCopyFilesBuildPhase;
			buildActionMask = 2147483647;
			dstPath = "";
			dstSubfolderSpec = 10;
			files = (
				654EBAB11AA7A2AE00DDBBCA /* MBTableGrid.framework in CopyFiles */,
				654EBAB21AA7A2AE00DDBBCA /* SwiftParser.framework in CopyFiles */,
			);
			runOnlyForDeploymentPostprocessing = 0;
		};
		65F3867C1A6B1DEE00C83810 /* CopyFiles */ = {
			isa = PBXCopyFilesBuildPhase;
			buildActionMask = 2147483647;
			dstPath = "";
			dstSubfolderSpec = 10;
			files = (
				65F3867E1A6B1DFE00C83810 /* MBTableGrid.framework in CopyFiles */,
				65F3867D1A6B1DFB00C83810 /* SwiftParser.framework in CopyFiles */,
			);
			runOnlyForDeploymentPostprocessing = 0;
		};
/* End PBXCopyFilesBuildPhase section */

/* Begin PBXFileReference section */
		6501E7B81A6C6A620030899E /* QBESQL.swift */ = {isa = PBXFileReference; fileEncoding = 4; lastKnownFileType = sourcecode.swift; name = QBESQL.swift; path = Engine/QBESQL.swift; sourceTree = SOURCE_ROOT; };
		6501E7B91A6C6A620030899E /* QBESQLiteStep.swift */ = {isa = PBXFileReference; fileEncoding = 4; lastKnownFileType = sourcecode.swift; name = QBESQLiteStep.swift; path = Engine/QBESQLiteStep.swift; sourceTree = SOURCE_ROOT; };
		6501E7BA1A6C6A620030899E /* QBECSVStep.swift */ = {isa = PBXFileReference; fileEncoding = 4; lastKnownFileType = sourcecode.swift; name = QBECSVStep.swift; path = Engine/QBECSVStep.swift; sourceTree = SOURCE_ROOT; };
		6506D3CC1A0A69C500F88F1E /* QBEValue.swift */ = {isa = PBXFileReference; fileEncoding = 4; lastKnownFileType = sourcecode.swift; name = QBEValue.swift; path = Engine/QBEValue.swift; sourceTree = SOURCE_ROOT; };
		6510A72E1A4D9811005633EF /* MBTableGrid.xcodeproj */ = {isa = PBXFileReference; lastKnownFileType = "wrapper.pb-project"; name = MBTableGrid.xcodeproj; path = Libraries/MBTableGrid/MBTableGrid.xcodeproj; sourceTree = "<group>"; };
		6510A73C1A4E9A47005633EF /* QBEStep.swift */ = {isa = PBXFileReference; fileEncoding = 4; lastKnownFileType = sourcecode.swift; name = QBEStep.swift; path = Engine/QBEStep.swift; sourceTree = SOURCE_ROOT; };
		651988E41A0F9C30003463AA /* CHCSVParser.h */ = {isa = PBXFileReference; fileEncoding = 4; lastKnownFileType = sourcecode.c.h; name = CHCSVParser.h; path = Libraries/CHCSVParser/CHCSVParser.h; sourceTree = "<group>"; };
		651988E51A0F9C30003463AA /* CHCSVParser.m */ = {isa = PBXFileReference; fileEncoding = 4; lastKnownFileType = sourcecode.c.objc; name = CHCSVParser.m; path = Libraries/CHCSVParser/CHCSVParser.m; sourceTree = "<group>"; };
		651988E81A0FAA3F003463AA /* QBEObjectiveCBridge.h */ = {isa = PBXFileReference; fileEncoding = 4; lastKnownFileType = sourcecode.c.h; name = QBEObjectiveCBridge.h; path = QBE/QBEObjectiveCBridge.h; sourceTree = "<group>"; };
		6528728B1A5D16C200C155FA /* SwiftParser.xcodeproj */ = {isa = PBXFileReference; lastKnownFileType = "wrapper.pb-project"; name = SwiftParser.xcodeproj; path = "Libraries/swift-parser-generator/SwiftParser.xcodeproj"; sourceTree = "<group>"; };
		652BEBDD1A063029002E45C7 /* QBEDataViewController.swift */ = {isa = PBXFileReference; fileEncoding = 4; lastKnownFileType = sourcecode.swift; path = QBEDataViewController.swift; sourceTree = "<group>"; };
		652BEC401A063F96002E45C7 /* QBEWindowController.swift */ = {isa = PBXFileReference; fileEncoding = 4; lastKnownFileType = sourcecode.swift; path = QBEWindowController.swift; sourceTree = "<group>"; };
		653414EF1A5DD0A500DDD472 /* QBEFormula.swift */ = {isa = PBXFileReference; fileEncoding = 4; lastKnownFileType = sourcecode.swift; name = QBEFormula.swift; path = Engine/QBEFormula.swift; sourceTree = SOURCE_ROOT; };
		653E89621A6F9D1C00E9A6F4 /* QBEStream.swift */ = {isa = PBXFileReference; fileEncoding = 4; lastKnownFileType = sourcecode.swift; name = QBEStream.swift; path = Engine/QBEStream.swift; sourceTree = SOURCE_ROOT; };
		6548F2331A8673BF00FE8EF2 /* extension-functions.c */ = {isa = PBXFileReference; fileEncoding = 4; lastKnownFileType = sourcecode.c.c; name = "extension-functions.c"; path = "Libraries/extension-functions.c"; sourceTree = "<group>"; };
		654AE16C1AA5163E0022C533 /* Base */ = {isa = PBXFileReference; lastKnownFileType = file.xib; name = Base; path = Base.lproj/QBEFlattenStepView.xib; sourceTree = "<group>"; };
		654AE1721AA516E30022C533 /* nl */ = {isa = PBXFileReference; lastKnownFileType = text.plist.strings; name = nl; path = nl.lproj/QBEFlattenStepView.strings; sourceTree = "<group>"; };
		654AE1731AA59B3B0022C533 /* QBECalculateStepView.swift */ = {isa = PBXFileReference; fileEncoding = 4; lastKnownFileType = sourcecode.swift; name = QBECalculateStepView.swift; path = QBE/QBECalculateStepView.swift; sourceTree = "<group>"; };
		654AE1741AA59B3B0022C533 /* QBECSVStepView.swift */ = {isa = PBXFileReference; fileEncoding = 4; lastKnownFileType = sourcecode.swift; name = QBECSVStepView.swift; path = QBE/QBECSVStepView.swift; sourceTree = "<group>"; };
		654AE1751AA59B3B0022C533 /* QBEFilterStepView.swift */ = {isa = PBXFileReference; fileEncoding = 4; lastKnownFileType = sourcecode.swift; name = QBEFilterStepView.swift; path = QBE/QBEFilterStepView.swift; sourceTree = "<group>"; };
		654AE1761AA59B3B0022C533 /* QBEFlattenStepView.swift */ = {isa = PBXFileReference; fileEncoding = 4; lastKnownFileType = sourcecode.swift; name = QBEFlattenStepView.swift; path = QBE/QBEFlattenStepView.swift; sourceTree = "<group>"; };
		654AE1771AA59B3B0022C533 /* QBEPivotStepView.swift */ = {isa = PBXFileReference; fileEncoding = 4; lastKnownFileType = sourcecode.swift; name = QBEPivotStepView.swift; path = QBE/QBEPivotStepView.swift; sourceTree = "<group>"; };
		654AE17D1AA59BBC0022C533 /* QBESQLiteSourceStepView.swift */ = {isa = PBXFileReference; fileEncoding = 4; lastKnownFileType = sourcecode.swift; name = QBESQLiteSourceStepView.swift; path = QBE/QBESQLiteSourceStepView.swift; sourceTree = "<group>"; };
		654AE17F1AA59BDB0022C533 /* QBELimitStepView.swift */ = {isa = PBXFileReference; fileEncoding = 4; lastKnownFileType = sourcecode.swift; name = QBELimitStepView.swift; path = QBE/QBELimitStepView.swift; sourceTree = "<group>"; };
		654AE1811AA59BF30022C533 /* QBERandomStepView.swift */ = {isa = PBXFileReference; fileEncoding = 4; lastKnownFileType = sourcecode.swift; name = QBERandomStepView.swift; path = QBE/QBERandomStepView.swift; sourceTree = "<group>"; };
		654EBA711AA7947400DDBBCA /* Warp.entitlements */ = {isa = PBXFileReference; lastKnownFileType = text.xml; name = Warp.entitlements; path = ../Warp.entitlements; sourceTree = "<group>"; };
		654EBAB61AA7A2AE00DDBBCA /* Warp.app */ = {isa = PBXFileReference; explicitFileType = wrapper.application; includeInIndex = 0; path = Warp.app; sourceTree = BUILT_PRODUCTS_DIR; };
		654EBAB71AA7A2AF00DDBBCA /* Warp App Store-Info.plist */ = {isa = PBXFileReference; lastKnownFileType = text.plist.xml; name = "Warp App Store-Info.plist"; path = "/Users/tommy/Documents/Git/qbe/QBE/Warp App Store-Info.plist"; sourceTree = "<absolute>"; };
		6567AC871AA1C92D00640CC5 /* QBEStepsViewController.swift */ = {isa = PBXFileReference; fileEncoding = 4; lastKnownFileType = sourcecode.swift; path = QBEStepsViewController.swift; sourceTree = "<group>"; };
		6567AC8A1AA1D12C00640CC5 /* QBEStepsItem.xib */ = {isa = PBXFileReference; fileEncoding = 4; lastKnownFileType = file.xib; path = QBEStepsItem.xib; sourceTree = "<group>"; };
		656AA1EF1A65BB90006D331A /* QBEStepView.swift */ = {isa = PBXFileReference; fileEncoding = 4; lastKnownFileType = sourcecode.swift; lineEnding = 0; name = QBEStepView.swift; path = QBE/QBEStepView.swift; sourceTree = "<group>"; xcLanguageSpecificationIdentifier = xcode.lang.swift; };
		65776EE71A614CE100F7F82A /* QBEFunction.swift */ = {isa = PBXFileReference; fileEncoding = 4; lastKnownFileType = sourcecode.swift; name = QBEFunction.swift; path = Engine/QBEFunction.swift; sourceTree = SOURCE_ROOT; };
		65776EEC1A62D8E700F7F82A /* QBEColumnsStep.swift */ = {isa = PBXFileReference; fileEncoding = 4; lastKnownFileType = sourcecode.swift; name = QBEColumnsStep.swift; path = Engine/QBEColumnsStep.swift; sourceTree = SOURCE_ROOT; };
		65776EEF1A62FFD800F7F82A /* QBEAddColumnViewController.swift */ = {isa = PBXFileReference; fileEncoding = 4; lastKnownFileType = sourcecode.swift; path = QBEAddColumnViewController.swift; sourceTree = "<group>"; };
		65776F111A6483AD00F7F82A /* libsqlite3.dylib */ = {isa = PBXFileReference; lastKnownFileType = "compiled.mach-o.dylib"; name = libsqlite3.dylib; path = usr/lib/libsqlite3.dylib; sourceTree = SDKROOT; };
		657A9C9A1AA1FC0600E28074 /* QBEFuture.swift */ = {isa = PBXFileReference; fileEncoding = 4; lastKnownFileType = sourcecode.swift; name = QBEFuture.swift; path = Engine/QBEFuture.swift; sourceTree = SOURCE_ROOT; };
		65894A0A1A67036200B0C161 /* Base */ = {isa = PBXFileReference; lastKnownFileType = file.xib; name = Base; path = Base.lproj/QBELimitStepView.xib; sourceTree = "<group>"; };
		6589779D1A55C090001001F2 /* QBERowsStep.swift */ = {isa = PBXFileReference; fileEncoding = 4; lastKnownFileType = sourcecode.swift; name = QBERowsStep.swift; path = Engine/QBERowsStep.swift; sourceTree = SOURCE_ROOT; };
		658977A21A57077E001001F2 /* QBESettingsViewController.swift */ = {isa = PBXFileReference; fileEncoding = 4; lastKnownFileType = sourcecode.swift; path = QBESettingsViewController.swift; sourceTree = "<group>"; };
		658977A41A580FE8001001F2 /* QBESuggestionsViewController.swift */ = {isa = PBXFileReference; fileEncoding = 4; lastKnownFileType = sourcecode.swift; path = QBESuggestionsViewController.swift; sourceTree = "<group>"; };
		658C23B61A5F23A000D6B1D0 /* QBELocale.swift */ = {isa = PBXFileReference; fileEncoding = 4; lastKnownFileType = sourcecode.swift; name = QBELocale.swift; path = Engine/QBELocale.swift; sourceTree = SOURCE_ROOT; };
		6593B7331AA37AE200BE9726 /* Base */ = {isa = PBXFileReference; fileEncoding = 10; lastKnownFileType = text.plist.strings; name = Base; path = QBE/Base.lproj/Localizable.strings; sourceTree = "<group>"; };
		6593B7351AA37AF200BE9726 /* en */ = {isa = PBXFileReference; fileEncoding = 10; lastKnownFileType = text.plist.strings; name = en; path = en.lproj/Localizable.strings; sourceTree = "<group>"; };
		6593B7361AA37B6100BE9726 /* nl */ = {isa = PBXFileReference; lastKnownFileType = text.plist.strings; name = nl; path = nl.lproj/Main.strings; sourceTree = "<group>"; };
		6593B7371AA37B6100BE9726 /* nl */ = {isa = PBXFileReference; lastKnownFileType = text.plist.strings; name = nl; path = nl.lproj/QBECalculateStepView.strings; sourceTree = "<group>"; };
		6593B7381AA37B6100BE9726 /* nl */ = {isa = PBXFileReference; lastKnownFileType = text.plist.strings; name = nl; path = nl.lproj/QBECSVStepView.strings; sourceTree = "<group>"; };
		6593B7391AA37B6100BE9726 /* nl */ = {isa = PBXFileReference; lastKnownFileType = text.plist.strings; name = nl; path = nl.lproj/QBEFilterStepView.strings; sourceTree = "<group>"; };
		6593B73A1AA37B6100BE9726 /* nl */ = {isa = PBXFileReference; lastKnownFileType = text.plist.strings; name = nl; path = nl.lproj/QBELimitStepView.strings; sourceTree = "<group>"; };
		6593B73B1AA37B6100BE9726 /* nl */ = {isa = PBXFileReference; lastKnownFileType = text.plist.strings; name = nl; path = nl.lproj/QBEPivotStepView.strings; sourceTree = "<group>"; };
		6593B73C1AA37B6100BE9726 /* nl */ = {isa = PBXFileReference; lastKnownFileType = text.plist.strings; name = nl; path = nl.lproj/QBERandomStepView.strings; sourceTree = "<group>"; };
		6593B73D1AA37B6100BE9726 /* nl */ = {isa = PBXFileReference; lastKnownFileType = text.plist.strings; name = nl; path = nl.lproj/QBESQLiteSourceStepView.strings; sourceTree = "<group>"; };
		6593B73E1AA37B6100BE9726 /* nl */ = {isa = PBXFileReference; fileEncoding = 10; lastKnownFileType = text.plist.strings; name = nl; path = nl.lproj/Localizable.strings; sourceTree = "<group>"; };
		659A27F01AA504F7009269A4 /* QBEFlattenStep.swift */ = {isa = PBXFileReference; fileEncoding = 4; lastKnownFileType = sourcecode.swift; name = QBEFlattenStep.swift; path = Engine/QBEFlattenStep.swift; sourceTree = SOURCE_ROOT; };
		65A7FC5C1A667F860019B747 /* Base */ = {isa = PBXFileReference; lastKnownFileType = file.xib; name = Base; path = Base.lproj/QBESQLiteSourceStepView.xib; sourceTree = "<group>"; };
		65ABB15D1A0ABF4A00A56C49 /* QBERaster.swift */ = {isa = PBXFileReference; fileEncoding = 4; lastKnownFileType = sourcecode.swift; name = QBERaster.swift; path = Engine/QBERaster.swift; sourceTree = SOURCE_ROOT; };
		65C4F3A81A992A6C00197CF4 /* Base */ = {isa = PBXFileReference; lastKnownFileType = file.xib; name = Base; path = Base.lproj/QBEFilterStepView.xib; sourceTree = "<group>"; };
		65D6F9D91A597C81006B6995 /* QBEExpression.swift */ = {isa = PBXFileReference; fileEncoding = 4; lastKnownFileType = sourcecode.swift; name = QBEExpression.swift; path = Engine/QBEExpression.swift; sourceTree = SOURCE_ROOT; };
		65D6F9DB1A597CC9006B6995 /* QBECalculateStep.swift */ = {isa = PBXFileReference; fileEncoding = 4; lastKnownFileType = sourcecode.swift; name = QBECalculateStep.swift; path = Engine/QBECalculateStep.swift; sourceTree = SOURCE_ROOT; };
		65D6F9E11A59B8AA006B6995 /* QBEData.swift */ = {isa = PBXFileReference; fileEncoding = 4; lastKnownFileType = sourcecode.swift; name = QBEData.swift; path = Engine/QBEData.swift; sourceTree = SOURCE_ROOT; };
		65D6F9EC1A59CD1A006B6995 /* QBERasterStep.swift */ = {isa = PBXFileReference; fileEncoding = 4; lastKnownFileType = sourcecode.swift; name = QBERasterStep.swift; path = Engine/QBERasterStep.swift; sourceTree = SOURCE_ROOT; };
		65DBA5621A798F31004CDF36 /* Base */ = {isa = PBXFileReference; lastKnownFileType = file.xib; name = Base; path = Base.lproj/QBEPivotStepView.xib; sourceTree = "<group>"; };
		65DBA5661A798F35004CDF36 /* Base */ = {isa = PBXFileReference; lastKnownFileType = file.xib; name = Base; path = Base.lproj/QBERandomStepView.xib; sourceTree = "<group>"; };
		65DBA5691A798F41004CDF36 /* Base */ = {isa = PBXFileReference; lastKnownFileType = file.xib; name = Base; path = Base.lproj/QBECSVStepView.xib; sourceTree = "<group>"; };
		65E3C2EC1A062E5E007BB3C8 /* Warp.app */ = {isa = PBXFileReference; explicitFileType = wrapper.application; includeInIndex = 0; path = Warp.app; sourceTree = BUILT_PRODUCTS_DIR; };
		65E3C2F01A062E5E007BB3C8 /* QBEAppDelegate.swift */ = {isa = PBXFileReference; lastKnownFileType = sourcecode.swift; path = QBEAppDelegate.swift; sourceTree = "<group>"; };
		65E3C2F21A062E5E007BB3C8 /* QBEViewController.swift */ = {isa = PBXFileReference; lastKnownFileType = sourcecode.swift; lineEnding = 0; path = QBEViewController.swift; sourceTree = "<group>"; xcLanguageSpecificationIdentifier = xcode.lang.swift; };
		65E3C2F41A062E5E007BB3C8 /* QBEDocument.swift */ = {isa = PBXFileReference; lastKnownFileType = sourcecode.swift; path = QBEDocument.swift; sourceTree = "<group>"; };
		65E3C2F61A062E5E007BB3C8 /* Images.xcassets */ = {isa = PBXFileReference; lastKnownFileType = folder.assetcatalog; path = Images.xcassets; sourceTree = "<group>"; };
		65E3C2F91A062E5E007BB3C8 /* Base */ = {isa = PBXFileReference; lastKnownFileType = file.storyboard; name = Base; path = Base.lproj/Main.storyboard; sourceTree = "<group>"; };
		65E3C2FF1A062E5E007BB3C8 /* QBETests.xctest */ = {isa = PBXFileReference; explicitFileType = wrapper.cfbundle; includeInIndex = 0; path = QBETests.xctest; sourceTree = BUILT_PRODUCTS_DIR; };
		65E3C3041A062E5E007BB3C8 /* Info.plist */ = {isa = PBXFileReference; lastKnownFileType = text.plist.xml; path = Info.plist; sourceTree = "<group>"; };
		65E3C3051A062E5E007BB3C8 /* QBETests.swift */ = {isa = PBXFileReference; lastKnownFileType = sourcecode.swift; path = QBETests.swift; sourceTree = "<group>"; };
		65F3867F1A6BBAB700C83810 /* QBEPivotStep.swift */ = {isa = PBXFileReference; fileEncoding = 4; lastKnownFileType = sourcecode.swift; name = QBEPivotStep.swift; path = Engine/QBEPivotStep.swift; sourceTree = SOURCE_ROOT; };
		65F4E2681A683B3600BB57B8 /* Base */ = {isa = PBXFileReference; lastKnownFileType = file.xib; name = Base; path = Base.lproj/QBECalculateStepView.xib; sourceTree = "<group>"; };
/* End PBXFileReference section */

/* Begin PBXFrameworksBuildPhase section */
		654EBA9F1AA7A2AE00DDBBCA /* Frameworks */ = {
			isa = PBXFrameworksBuildPhase;
			buildActionMask = 2147483647;
			files = (
				654EBAA01AA7A2AE00DDBBCA /* libsqlite3.dylib in Frameworks */,
				654EBAA11AA7A2AE00DDBBCA /* SwiftParser.framework in Frameworks */,
				654EBAA21AA7A2AE00DDBBCA /* MBTableGrid.framework in Frameworks */,
			);
			runOnlyForDeploymentPostprocessing = 0;
		};
		65E3C2E91A062E5E007BB3C8 /* Frameworks */ = {
			isa = PBXFrameworksBuildPhase;
			buildActionMask = 2147483647;
			files = (
				65776F121A6483AD00F7F82A /* libsqlite3.dylib in Frameworks */,
				65776F101A6470BB00F7F82A /* SwiftParser.framework in Frameworks */,
				6510A7391A4D9832005633EF /* MBTableGrid.framework in Frameworks */,
			);
			runOnlyForDeploymentPostprocessing = 0;
		};
		65E3C2FC1A062E5E007BB3C8 /* Frameworks */ = {
			isa = PBXFrameworksBuildPhase;
			buildActionMask = 2147483647;
			files = (
				654AE1671AA514530022C533 /* SwiftParser.framework in Frameworks */,
			);
			runOnlyForDeploymentPostprocessing = 0;
		};
/* End PBXFrameworksBuildPhase section */

/* Begin PBXGroup section */
		6510A72F1A4D9811005633EF /* Products */ = {
			isa = PBXGroup;
			children = (
				6510A7341A4D9812005633EF /* MBTableGrid.app */,
				6510A7361A4D9812005633EF /* MBTableGrid.framework */,
			);
			name = Products;
			sourceTree = "<group>";
		};
		651988E71A0F9C39003463AA /* Libraries */ = {
			isa = PBXGroup;
			children = (
				6548F2331A8673BF00FE8EF2 /* extension-functions.c */,
				65776F111A6483AD00F7F82A /* libsqlite3.dylib */,
				6528728B1A5D16C200C155FA /* SwiftParser.xcodeproj */,
				6510A72E1A4D9811005633EF /* MBTableGrid.xcodeproj */,
				651988E41A0F9C30003463AA /* CHCSVParser.h */,
				651988E51A0F9C30003463AA /* CHCSVParser.m */,
				651988E81A0FAA3F003463AA /* QBEObjectiveCBridge.h */,
			);
			name = Libraries;
			sourceTree = "<group>";
		};
		6528728C1A5D16C200C155FA /* Products */ = {
			isa = PBXGroup;
			children = (
				652872921A5D16C200C155FA /* SwiftParser.framework */,
				652872941A5D16C200C155FA /* SwiftParserTests.xctest */,
			);
			name = Products;
			sourceTree = "<group>";
		};
		6594693B1A6C688C001CD1BB /* Steps UI */ = {
			isa = PBXGroup;
			children = (
				654AE1731AA59B3B0022C533 /* QBECalculateStepView.swift */,
				65F4E2691A683B3600BB57B8 /* QBECalculateStepView.xib */,
				654AE1741AA59B3B0022C533 /* QBECSVStepView.swift */,
				65DBA56A1A798F41004CDF36 /* QBECSVStepView.xib */,
				654AE1751AA59B3B0022C533 /* QBEFilterStepView.swift */,
				65C4F3A91A992A6C00197CF4 /* QBEFilterStepView.xib */,
				654AE1761AA59B3B0022C533 /* QBEFlattenStepView.swift */,
				654AE16D1AA5163E0022C533 /* QBEFlattenStepView.xib */,
				654AE17F1AA59BDB0022C533 /* QBELimitStepView.swift */,
				65894A0B1A67036200B0C161 /* QBELimitStepView.xib */,
				654AE1771AA59B3B0022C533 /* QBEPivotStepView.swift */,
				65DBA5631A798F31004CDF36 /* QBEPivotStepView.xib */,
				654AE1811AA59BF30022C533 /* QBERandomStepView.swift */,
				65DBA5671A798F35004CDF36 /* QBERandomStepView.xib */,
				654AE17D1AA59BBC0022C533 /* QBESQLiteSourceStepView.swift */,
				65A7FC5D1A667F860019B747 /* QBESQLiteSourceStepView.xib */,
				656AA1EF1A65BB90006D331A /* QBEStepView.swift */,
			);
			name = "Steps UI";
			sourceTree = "<group>";
		};
		65D6F9DD1A59B700006B6995 /* Steps */ = {
			isa = PBXGroup;
			children = (
				65D6F9DB1A597CC9006B6995 /* QBECalculateStep.swift */,
				65776EEC1A62D8E700F7F82A /* QBEColumnsStep.swift */,
				6501E7BA1A6C6A620030899E /* QBECSVStep.swift */,
				659A27F01AA504F7009269A4 /* QBEFlattenStep.swift */,
				65F3867F1A6BBAB700C83810 /* QBEPivotStep.swift */,
				65D6F9EC1A59CD1A006B6995 /* QBERasterStep.swift */,
				6589779D1A55C090001001F2 /* QBERowsStep.swift */,
				6501E7B91A6C6A620030899E /* QBESQLiteStep.swift */,
				6510A73C1A4E9A47005633EF /* QBEStep.swift */,
			);
			name = Steps;
			path = qbetest;
			sourceTree = "<group>";
		};
		65E3C2AB1A05222F007BB3C8 = {
			isa = PBXGroup;
			children = (
				651988E71A0F9C39003463AA /* Libraries */,
				65E3C2D61A052252007BB3C8 /* Core */,
				65D6F9DD1A59B700006B6995 /* Steps */,
				65E3C2ED1A062E5E007BB3C8 /* Core UI */,
				6594693B1A6C688C001CD1BB /* Steps UI */,
				65E3C3021A062E5E007BB3C8 /* Tests */,
				65E3C2B61A05222F007BB3C8 /* Products */,
			);
			sourceTree = "<group>";
		};
		65E3C2B61A05222F007BB3C8 /* Products */ = {
			isa = PBXGroup;
			children = (
				65E3C2EC1A062E5E007BB3C8 /* Warp.app */,
				65E3C2FF1A062E5E007BB3C8 /* QBETests.xctest */,
				654EBAB61AA7A2AE00DDBBCA /* Warp.app */,
			);
			name = Products;
			sourceTree = "<group>";
		};
		65E3C2D61A052252007BB3C8 /* Core */ = {
			isa = PBXGroup;
			children = (
				65D6F9E11A59B8AA006B6995 /* QBEData.swift */,
				65D6F9D91A597C81006B6995 /* QBEExpression.swift */,
				653414EF1A5DD0A500DDD472 /* QBEFormula.swift */,
				65776EE71A614CE100F7F82A /* QBEFunction.swift */,
				657A9C9A1AA1FC0600E28074 /* QBEFuture.swift */,
				658C23B61A5F23A000D6B1D0 /* QBELocale.swift */,
				65ABB15D1A0ABF4A00A56C49 /* QBERaster.swift */,
				6501E7B81A6C6A620030899E /* QBESQL.swift */,
				653E89621A6F9D1C00E9A6F4 /* QBEStream.swift */,
				6506D3CC1A0A69C500F88F1E /* QBEValue.swift */,
			);
			name = Core;
			path = qbetest;
			sourceTree = "<group>";
		};
		65E3C2ED1A062E5E007BB3C8 /* Core UI */ = {
			isa = PBXGroup;
			children = (
				65E3C2F61A062E5E007BB3C8 /* Images.xcassets */,
				6593B7321AA37AE200BE9726 /* Localizable.strings */,
				65E3C2F81A062E5E007BB3C8 /* Main.storyboard */,
				65776EEF1A62FFD800F7F82A /* QBEAddColumnViewController.swift */,
				65E3C2F01A062E5E007BB3C8 /* QBEAppDelegate.swift */,
				652BEBDD1A063029002E45C7 /* QBEDataViewController.swift */,
				65E3C2F41A062E5E007BB3C8 /* QBEDocument.swift */,
				658977A21A57077E001001F2 /* QBESettingsViewController.swift */,
				6567AC8A1AA1D12C00640CC5 /* QBEStepsItem.xib */,
				6567AC871AA1C92D00640CC5 /* QBEStepsViewController.swift */,
				658977A41A580FE8001001F2 /* QBESuggestionsViewController.swift */,
				65E3C2F21A062E5E007BB3C8 /* QBEViewController.swift */,
				652BEC401A063F96002E45C7 /* QBEWindowController.swift */,
				654EBAB71AA7A2AF00DDBBCA /* Warp App Store-Info.plist */,
				654EBA711AA7947400DDBBCA /* Warp.entitlements */,
			);
			name = "Core UI";
			path = QBE;
			sourceTree = "<group>";
		};
		65E3C3021A062E5E007BB3C8 /* Tests */ = {
			isa = PBXGroup;
			children = (
				65E3C3051A062E5E007BB3C8 /* QBETests.swift */,
				65E3C3031A062E5E007BB3C8 /* Supporting Files */,
			);
			name = Tests;
			path = QBETests;
			sourceTree = "<group>";
		};
		65E3C3031A062E5E007BB3C8 /* Supporting Files */ = {
			isa = PBXGroup;
			children = (
				65E3C3041A062E5E007BB3C8 /* Info.plist */,
			);
			name = "Supporting Files";
			sourceTree = "<group>";
		};
/* End PBXGroup section */

/* Begin PBXNativeTarget section */
		654EBA721AA7A2AE00DDBBCA /* Warp (app store) */ = {
			isa = PBXNativeTarget;
			buildConfigurationList = 654EBAB31AA7A2AE00DDBBCA /* Build configuration list for PBXNativeTarget "Warp (app store)" */;
			buildPhases = (
				654EBA771AA7A2AE00DDBBCA /* Sources */,
				654EBA9F1AA7A2AE00DDBBCA /* Frameworks */,
				654EBAA31AA7A2AE00DDBBCA /* Resources */,
				654EBAB01AA7A2AE00DDBBCA /* CopyFiles */,
			);
			buildRules = (
			);
			dependencies = (
				654EBA731AA7A2AE00DDBBCA /* PBXTargetDependency */,
				654EBA751AA7A2AE00DDBBCA /* PBXTargetDependency */,
			);
			name = "Warp (app store)";
			productName = QBE;
			productReference = 654EBAB61AA7A2AE00DDBBCA /* Warp.app */;
			productType = "com.apple.product-type.application";
		};
		65E3C2EB1A062E5E007BB3C8 /* Warp */ = {
			isa = PBXNativeTarget;
			buildConfigurationList = 65E3C3071A062E5E007BB3C8 /* Build configuration list for PBXNativeTarget "Warp" */;
			buildPhases = (
				65E3C2E81A062E5E007BB3C8 /* Sources */,
				65E3C2E91A062E5E007BB3C8 /* Frameworks */,
				65E3C2EA1A062E5E007BB3C8 /* Resources */,
				65F3867C1A6B1DEE00C83810 /* CopyFiles */,
			);
			buildRules = (
			);
			dependencies = (
				652872961A5D16CE00C155FA /* PBXTargetDependency */,
				6510A7381A4D982E005633EF /* PBXTargetDependency */,
			);
			name = Warp;
			productName = QBE;
			productReference = 65E3C2EC1A062E5E007BB3C8 /* Warp.app */;
			productType = "com.apple.product-type.application";
		};
		65E3C2FE1A062E5E007BB3C8 /* QBETests */ = {
			isa = PBXNativeTarget;
			buildConfigurationList = 65E3C30A1A062E5E007BB3C8 /* Build configuration list for PBXNativeTarget "QBETests" */;
			buildPhases = (
				65E3C2FB1A062E5E007BB3C8 /* Sources */,
				65E3C2FC1A062E5E007BB3C8 /* Frameworks */,
				65E3C2FD1A062E5E007BB3C8 /* Resources */,
			);
			buildRules = (
			);
			dependencies = (
				654AE16A1AA5145E0022C533 /* PBXTargetDependency */,
				652872981A5D16D300C155FA /* PBXTargetDependency */,
				65E3C3011A062E5E007BB3C8 /* PBXTargetDependency */,
			);
			name = QBETests;
			productName = QBETests;
			productReference = 65E3C2FF1A062E5E007BB3C8 /* QBETests.xctest */;
			productType = "com.apple.product-type.bundle.unit-test";
		};
/* End PBXNativeTarget section */

/* Begin PBXProject section */
		65E3C2AC1A05222F007BB3C8 /* Project object */ = {
			isa = PBXProject;
			attributes = {
				LastUpgradeCheck = 0610;
				ORGANIZATIONNAME = Pixelspark;
				TargetAttributes = {
					654EBA721AA7A2AE00DDBBCA = {
						DevelopmentTeam = 2T2T7HAA8S;
						SystemCapabilities = {
							com.apple.Sandbox = {
								enabled = 1;
							};
						};
					};
					65E3C2EB1A062E5E007BB3C8 = {
						CreatedOnToolsVersion = 6.1;
						DevelopmentTeam = 2T2T7HAA8S;
						SystemCapabilities = {
							com.apple.Sandbox = {
								enabled = 0;
							};
							com.apple.iCloud = {
								enabled = 0;
							};
						};
					};
					65E3C2FE1A062E5E007BB3C8 = {
						CreatedOnToolsVersion = 6.1;
						TestTargetID = 65E3C2EB1A062E5E007BB3C8;
					};
				};
			};
			buildConfigurationList = 65E3C2AF1A05222F007BB3C8 /* Build configuration list for PBXProject "QBE" */;
			compatibilityVersion = "Xcode 3.2";
			developmentRegion = English;
			hasScannedForEncodings = 0;
			knownRegions = (
				en,
				Base,
				nl,
			);
			mainGroup = 65E3C2AB1A05222F007BB3C8;
			productRefGroup = 65E3C2B61A05222F007BB3C8 /* Products */;
			projectDirPath = "";
			projectReferences = (
				{
					ProductGroup = 6510A72F1A4D9811005633EF /* Products */;
					ProjectRef = 6510A72E1A4D9811005633EF /* MBTableGrid.xcodeproj */;
				},
				{
					ProductGroup = 6528728C1A5D16C200C155FA /* Products */;
					ProjectRef = 6528728B1A5D16C200C155FA /* SwiftParser.xcodeproj */;
				},
			);
			projectRoot = "";
			targets = (
				65E3C2EB1A062E5E007BB3C8 /* Warp */,
				65E3C2FE1A062E5E007BB3C8 /* QBETests */,
				654EBA721AA7A2AE00DDBBCA /* Warp (app store) */,
			);
		};
/* End PBXProject section */

/* Begin PBXReferenceProxy section */
		6510A7341A4D9812005633EF /* MBTableGrid.app */ = {
			isa = PBXReferenceProxy;
			fileType = wrapper.application;
			path = MBTableGrid.app;
			remoteRef = 6510A7331A4D9812005633EF /* PBXContainerItemProxy */;
			sourceTree = BUILT_PRODUCTS_DIR;
		};
		6510A7361A4D9812005633EF /* MBTableGrid.framework */ = {
			isa = PBXReferenceProxy;
			fileType = wrapper.framework;
			path = MBTableGrid.framework;
			remoteRef = 6510A7351A4D9812005633EF /* PBXContainerItemProxy */;
			sourceTree = BUILT_PRODUCTS_DIR;
		};
		652872921A5D16C200C155FA /* SwiftParser.framework */ = {
			isa = PBXReferenceProxy;
			fileType = wrapper.framework;
			path = SwiftParser.framework;
			remoteRef = 652872911A5D16C200C155FA /* PBXContainerItemProxy */;
			sourceTree = BUILT_PRODUCTS_DIR;
		};
		652872941A5D16C200C155FA /* SwiftParserTests.xctest */ = {
			isa = PBXReferenceProxy;
			fileType = wrapper.cfbundle;
			path = SwiftParserTests.xctest;
			remoteRef = 652872931A5D16C200C155FA /* PBXContainerItemProxy */;
			sourceTree = BUILT_PRODUCTS_DIR;
		};
/* End PBXReferenceProxy section */

/* Begin PBXResourcesBuildPhase section */
		654EBAA31AA7A2AE00DDBBCA /* Resources */ = {
			isa = PBXResourcesBuildPhase;
			buildActionMask = 2147483647;
			files = (
				654EBAA41AA7A2AE00DDBBCA /* QBEStepsItem.xib in Resources */,
				654EBAA51AA7A2AE00DDBBCA /* QBEPivotStepView.xib in Resources */,
				654EBAA61AA7A2AE00DDBBCA /* Localizable.strings in Resources */,
				654EBAA71AA7A2AE00DDBBCA /* QBECalculateStepView.xib in Resources */,
				654EBAA81AA7A2AE00DDBBCA /* QBERandomStepView.xib in Resources */,
				654EBAC21AA8B73C00DDBBCA /* Warp.entitlements in Resources */,
				654EBAA91AA7A2AE00DDBBCA /* Images.xcassets in Resources */,
				654EBAAA1AA7A2AE00DDBBCA /* Main.storyboard in Resources */,
				654EBAAB1AA7A2AE00DDBBCA /* QBESQLiteSourceStepView.xib in Resources */,
				654EBAAC1AA7A2AE00DDBBCA /* QBEFlattenStepView.xib in Resources */,
				654EBAAD1AA7A2AE00DDBBCA /* QBECSVStepView.xib in Resources */,
				654EBAAE1AA7A2AE00DDBBCA /* QBELimitStepView.xib in Resources */,
				654EBAAF1AA7A2AE00DDBBCA /* QBEFilterStepView.xib in Resources */,
			);
			runOnlyForDeploymentPostprocessing = 0;
		};
		65E3C2EA1A062E5E007BB3C8 /* Resources */ = {
			isa = PBXResourcesBuildPhase;
			buildActionMask = 2147483647;
			files = (
				6567AC8B1AA1D12C00640CC5 /* QBEStepsItem.xib in Resources */,
				65DBA5611A798F31004CDF36 /* QBEPivotStepView.xib in Resources */,
				6593B7341AA37AE200BE9726 /* Localizable.strings in Resources */,
				65F4E2671A683B3600BB57B8 /* QBECalculateStepView.xib in Resources */,
				65DBA5651A798F35004CDF36 /* QBERandomStepView.xib in Resources */,
				654EBAC31AA8B73D00DDBBCA /* Warp.entitlements in Resources */,
				65E3C2F71A062E5E007BB3C8 /* Images.xcassets in Resources */,
				65E3C2FA1A062E5E007BB3C8 /* Main.storyboard in Resources */,
				65A7FC5B1A667F860019B747 /* QBESQLiteSourceStepView.xib in Resources */,
				654AE16B1AA5163E0022C533 /* QBEFlattenStepView.xib in Resources */,
				65DBA5681A798F41004CDF36 /* QBECSVStepView.xib in Resources */,
				65894A091A67036200B0C161 /* QBELimitStepView.xib in Resources */,
				65C4F3A71A992A6C00197CF4 /* QBEFilterStepView.xib in Resources */,
			);
			runOnlyForDeploymentPostprocessing = 0;
		};
		65E3C2FD1A062E5E007BB3C8 /* Resources */ = {
			isa = PBXResourcesBuildPhase;
			buildActionMask = 2147483647;
			files = (
			);
			runOnlyForDeploymentPostprocessing = 0;
		};
/* End PBXResourcesBuildPhase section */

/* Begin PBXSourcesBuildPhase section */
		654EBA771AA7A2AE00DDBBCA /* Sources */ = {
			isa = PBXSourcesBuildPhase;
			buildActionMask = 2147483647;
			files = (
				654EBA781AA7A2AE00DDBBCA /* QBEFlattenStepView.swift in Sources */,
				654EBA791AA7A2AE00DDBBCA /* CHCSVParser.m in Sources */,
				654EBA7A1AA7A2AE00DDBBCA /* QBEPivotStepView.swift in Sources */,
				654EBA7B1AA7A2AE00DDBBCA /* QBELocale.swift in Sources */,
				654EBA7C1AA7A2AE00DDBBCA /* QBEWindowController.swift in Sources */,
				654EBA7D1AA7A2AE00DDBBCA /* QBELimitStepView.swift in Sources */,
				654EBA7E1AA7A2AE00DDBBCA /* QBECalculateStep.swift in Sources */,
				654EBA7F1AA7A2AE00DDBBCA /* QBEStep.swift in Sources */,
				654EBA801AA7A2AE00DDBBCA /* extension-functions.c in Sources */,
				654EBA811AA7A2AE00DDBBCA /* QBECSVStep.swift in Sources */,
				654EBA821AA7A2AE00DDBBCA /* QBEViewController.swift in Sources */,
				654EBA831AA7A2AE00DDBBCA /* QBEValue.swift in Sources */,
				654EBA841AA7A2AE00DDBBCA /* QBEFlattenStep.swift in Sources */,
				654EBA851AA7A2AE00DDBBCA /* QBEStepView.swift in Sources */,
				654EBA861AA7A2AE00DDBBCA /* QBERaster.swift in Sources */,
				654EBA871AA7A2AE00DDBBCA /* QBEColumnsStep.swift in Sources */,
				654EBA881AA7A2AE00DDBBCA /* QBEFilterStepView.swift in Sources */,
				654EBA891AA7A2AE00DDBBCA /* QBECSVStepView.swift in Sources */,
				654EBA8A1AA7A2AE00DDBBCA /* QBEFuture.swift in Sources */,
				654EBA8B1AA7A2AE00DDBBCA /* QBERowsStep.swift in Sources */,
				654EBA8C1AA7A2AE00DDBBCA /* QBESQLiteSourceStepView.swift in Sources */,
				654EBA8D1AA7A2AE00DDBBCA /* QBESuggestionsViewController.swift in Sources */,
				654EBA8E1AA7A2AE00DDBBCA /* QBEStream.swift in Sources */,
				654EBA8F1AA7A2AE00DDBBCA /* QBEExpression.swift in Sources */,
				654EBA901AA7A2AE00DDBBCA /* QBEDataViewController.swift in Sources */,
				654EBA911AA7A2AE00DDBBCA /* QBEData.swift in Sources */,
				654EBA921AA7A2AE00DDBBCA /* QBEStepsViewController.swift in Sources */,
				654EBA931AA7A2AE00DDBBCA /* QBEAddColumnViewController.swift in Sources */,
				654EBA941AA7A2AE00DDBBCA /* QBESettingsViewController.swift in Sources */,
				654EBA951AA7A2AE00DDBBCA /* QBEPivotStep.swift in Sources */,
				654EBA961AA7A2AE00DDBBCA /* QBECalculateStepView.swift in Sources */,
				654EBA971AA7A2AE00DDBBCA /* QBERasterStep.swift in Sources */,
				654EBA981AA7A2AE00DDBBCA /* QBESQLiteStep.swift in Sources */,
				654EBA991AA7A2AE00DDBBCA /* QBERandomStepView.swift in Sources */,
				654EBA9A1AA7A2AE00DDBBCA /* QBEFunction.swift in Sources */,
				654EBA9B1AA7A2AE00DDBBCA /* QBESQL.swift in Sources */,
				654EBA9C1AA7A2AE00DDBBCA /* QBEFormula.swift in Sources */,
				654EBA9D1AA7A2AE00DDBBCA /* QBEAppDelegate.swift in Sources */,
				654EBA9E1AA7A2AE00DDBBCA /* QBEDocument.swift in Sources */,
			);
			runOnlyForDeploymentPostprocessing = 0;
		};
		65E3C2E81A062E5E007BB3C8 /* Sources */ = {
			isa = PBXSourcesBuildPhase;
			buildActionMask = 2147483647;
			files = (
				654AE17B1AA59B3B0022C533 /* QBEFlattenStepView.swift in Sources */,
				651988E61A0F9C30003463AA /* CHCSVParser.m in Sources */,
				654AE17C1AA59B3B0022C533 /* QBEPivotStepView.swift in Sources */,
				658C23B71A5F23A000D6B1D0 /* QBELocale.swift in Sources */,
				652BEC411A063F96002E45C7 /* QBEWindowController.swift in Sources */,
				654AE1801AA59BDB0022C533 /* QBELimitStepView.swift in Sources */,
				65D6F9DC1A597CC9006B6995 /* QBECalculateStep.swift in Sources */,
				6510A73D1A4E9A47005633EF /* QBEStep.swift in Sources */,
				6548F2341A8673BF00FE8EF2 /* extension-functions.c in Sources */,
				6501E7BD1A6C6A620030899E /* QBECSVStep.swift in Sources */,
				65E3C2F31A062E5E007BB3C8 /* QBEViewController.swift in Sources */,
				6506D3CD1A0A69C500F88F1E /* QBEValue.swift in Sources */,
				659A27F11AA504F7009269A4 /* QBEFlattenStep.swift in Sources */,
				656AA1F01A65BB90006D331A /* QBEStepView.swift in Sources */,
				65ABB15E1A0ABF4A00A56C49 /* QBERaster.swift in Sources */,
				65776EED1A62D8E700F7F82A /* QBEColumnsStep.swift in Sources */,
				654AE17A1AA59B3B0022C533 /* QBEFilterStepView.swift in Sources */,
				654AE1791AA59B3B0022C533 /* QBECSVStepView.swift in Sources */,
				657A9C9B1AA1FC0600E28074 /* QBEFuture.swift in Sources */,
				6589779E1A55C090001001F2 /* QBERowsStep.swift in Sources */,
				654AE17E1AA59BBC0022C533 /* QBESQLiteSourceStepView.swift in Sources */,
				658977A51A580FE8001001F2 /* QBESuggestionsViewController.swift in Sources */,
				653E89631A6F9D1C00E9A6F4 /* QBEStream.swift in Sources */,
				65D6F9DA1A597C81006B6995 /* QBEExpression.swift in Sources */,
				652BEBDF1A063029002E45C7 /* QBEDataViewController.swift in Sources */,
				65D6F9E21A59B8AA006B6995 /* QBEData.swift in Sources */,
				6567AC881AA1C92D00640CC5 /* QBEStepsViewController.swift in Sources */,
				65776EF01A62FFD800F7F82A /* QBEAddColumnViewController.swift in Sources */,
				658977A31A57077E001001F2 /* QBESettingsViewController.swift in Sources */,
				65F386801A6BBAB700C83810 /* QBEPivotStep.swift in Sources */,
				654AE1781AA59B3B0022C533 /* QBECalculateStepView.swift in Sources */,
				65D6F9ED1A59CD1A006B6995 /* QBERasterStep.swift in Sources */,
				6501E7BC1A6C6A620030899E /* QBESQLiteStep.swift in Sources */,
				654AE1821AA59BF30022C533 /* QBERandomStepView.swift in Sources */,
				65776EE81A614CE100F7F82A /* QBEFunction.swift in Sources */,
				6501E7BB1A6C6A620030899E /* QBESQL.swift in Sources */,
				653414F01A5DD0A500DDD472 /* QBEFormula.swift in Sources */,
				65E3C2F11A062E5E007BB3C8 /* QBEAppDelegate.swift in Sources */,
				65E3C2F51A062E5E007BB3C8 /* QBEDocument.swift in Sources */,
			);
			runOnlyForDeploymentPostprocessing = 0;
		};
		65E3C2FB1A062E5E007BB3C8 /* Sources */ = {
			isa = PBXSourcesBuildPhase;
			buildActionMask = 2147483647;
			files = (
				653414F11A5DD0A500DDD472 /* QBEFormula.swift in Sources */,
				65D6F9EA1A59C09A006B6995 /* QBEExpression.swift in Sources */,
				6593B7271AA2204F00BE9726 /* QBEFuture.swift in Sources */,
				65D6F9E61A59BF2C006B6995 /* QBEValue.swift in Sources */,
				65776EE91A614D1400F7F82A /* QBEFunction.swift in Sources */,
				65D6F9E91A59C097006B6995 /* QBEData.swift in Sources */,
				653E89651A6FA2D700E9A6F4 /* QBEStream.swift in Sources */,
				65D6F9E71A59BFA3006B6995 /* QBERaster.swift in Sources */,
				65D6F9EB1A59C09C006B6995 /* QBEStep.swift in Sources */,
				658C23B81A5F23A000D6B1D0 /* QBELocale.swift in Sources */,
				65E3C3061A062E5E007BB3C8 /* QBETests.swift in Sources */,
			);
			runOnlyForDeploymentPostprocessing = 0;
		};
/* End PBXSourcesBuildPhase section */

/* Begin PBXTargetDependency section */
		6510A7381A4D982E005633EF /* PBXTargetDependency */ = {
			isa = PBXTargetDependency;
			name = MBTableGrid;
			targetProxy = 6510A7371A4D982E005633EF /* PBXContainerItemProxy */;
		};
		652872961A5D16CE00C155FA /* PBXTargetDependency */ = {
			isa = PBXTargetDependency;
			name = SwiftParser;
			targetProxy = 652872951A5D16CE00C155FA /* PBXContainerItemProxy */;
		};
		652872981A5D16D300C155FA /* PBXTargetDependency */ = {
			isa = PBXTargetDependency;
			name = SwiftParserTests;
			targetProxy = 652872971A5D16D300C155FA /* PBXContainerItemProxy */;
		};
		654AE16A1AA5145E0022C533 /* PBXTargetDependency */ = {
			isa = PBXTargetDependency;
			name = SwiftParser;
			targetProxy = 654AE1691AA5145E0022C533 /* PBXContainerItemProxy */;
		};
		654EBA731AA7A2AE00DDBBCA /* PBXTargetDependency */ = {
			isa = PBXTargetDependency;
			name = SwiftParser;
			targetProxy = 654EBA741AA7A2AE00DDBBCA /* PBXContainerItemProxy */;
		};
		654EBA751AA7A2AE00DDBBCA /* PBXTargetDependency */ = {
			isa = PBXTargetDependency;
			name = MBTableGrid;
			targetProxy = 654EBA761AA7A2AE00DDBBCA /* PBXContainerItemProxy */;
		};
		65E3C3011A062E5E007BB3C8 /* PBXTargetDependency */ = {
			isa = PBXTargetDependency;
			target = 65E3C2EB1A062E5E007BB3C8 /* Warp */;
			targetProxy = 65E3C3001A062E5E007BB3C8 /* PBXContainerItemProxy */;
		};
/* End PBXTargetDependency section */

/* Begin PBXVariantGroup section */
		654AE16D1AA5163E0022C533 /* QBEFlattenStepView.xib */ = {
			isa = PBXVariantGroup;
			children = (
				654AE16C1AA5163E0022C533 /* Base */,
				654AE1721AA516E30022C533 /* nl */,
			);
			name = QBEFlattenStepView.xib;
			path = QBE;
			sourceTree = "<group>";
		};
		65894A0B1A67036200B0C161 /* QBELimitStepView.xib */ = {
			isa = PBXVariantGroup;
			children = (
				65894A0A1A67036200B0C161 /* Base */,
				6593B73A1AA37B6100BE9726 /* nl */,
			);
			name = QBELimitStepView.xib;
			path = QBE;
			sourceTree = "<group>";
		};
		6593B7321AA37AE200BE9726 /* Localizable.strings */ = {
			isa = PBXVariantGroup;
			children = (
				6593B7331AA37AE200BE9726 /* Base */,
				6593B7351AA37AF200BE9726 /* en */,
				6593B73E1AA37B6100BE9726 /* nl */,
			);
			name = Localizable.strings;
			path = ..;
			sourceTree = "<group>";
		};
		65A7FC5D1A667F860019B747 /* QBESQLiteSourceStepView.xib */ = {
			isa = PBXVariantGroup;
			children = (
				65A7FC5C1A667F860019B747 /* Base */,
				6593B73D1AA37B6100BE9726 /* nl */,
			);
			name = QBESQLiteSourceStepView.xib;
			path = QBE;
			sourceTree = "<group>";
		};
		65C4F3A91A992A6C00197CF4 /* QBEFilterStepView.xib */ = {
			isa = PBXVariantGroup;
			children = (
				65C4F3A81A992A6C00197CF4 /* Base */,
				6593B7391AA37B6100BE9726 /* nl */,
			);
			name = QBEFilterStepView.xib;
			path = QBE;
			sourceTree = "<group>";
		};
		65DBA5631A798F31004CDF36 /* QBEPivotStepView.xib */ = {
			isa = PBXVariantGroup;
			children = (
				65DBA5621A798F31004CDF36 /* Base */,
				6593B73B1AA37B6100BE9726 /* nl */,
			);
			name = QBEPivotStepView.xib;
			path = QBE;
			sourceTree = "<group>";
		};
		65DBA5671A798F35004CDF36 /* QBERandomStepView.xib */ = {
			isa = PBXVariantGroup;
			children = (
				65DBA5661A798F35004CDF36 /* Base */,
				6593B73C1AA37B6100BE9726 /* nl */,
			);
			name = QBERandomStepView.xib;
			path = QBE;
			sourceTree = "<group>";
		};
		65DBA56A1A798F41004CDF36 /* QBECSVStepView.xib */ = {
			isa = PBXVariantGroup;
			children = (
				65DBA5691A798F41004CDF36 /* Base */,
				6593B7381AA37B6100BE9726 /* nl */,
			);
			name = QBECSVStepView.xib;
			path = QBE;
			sourceTree = "<group>";
		};
		65E3C2F81A062E5E007BB3C8 /* Main.storyboard */ = {
			isa = PBXVariantGroup;
			children = (
				65E3C2F91A062E5E007BB3C8 /* Base */,
				6593B7361AA37B6100BE9726 /* nl */,
			);
			name = Main.storyboard;
			sourceTree = "<group>";
		};
		65F4E2691A683B3600BB57B8 /* QBECalculateStepView.xib */ = {
			isa = PBXVariantGroup;
			children = (
				65F4E2681A683B3600BB57B8 /* Base */,
				6593B7371AA37B6100BE9726 /* nl */,
			);
			name = QBECalculateStepView.xib;
			path = QBE;
			sourceTree = "<group>";
		};
/* End PBXVariantGroup section */

/* Begin XCBuildConfiguration section */
		654EBAB41AA7A2AE00DDBBCA /* Debug */ = {
			isa = XCBuildConfiguration;
			buildSettings = {
				ASSETCATALOG_COMPILER_APPICON_NAME = AppIcon;
				CODE_SIGN_ENTITLEMENTS = Warp.entitlements;
				CODE_SIGN_IDENTITY = "Developer ID Application";
				COMBINE_HIDPI_IMAGES = YES;
				GCC_PREPROCESSOR_DEFINITIONS = (
					"DEBUG=1",
					"$(inherited)",
				);
				INFOPLIST_FILE = "Warp App Store-Info.plist";
				LD_RUNPATH_SEARCH_PATHS = "$(inherited) @executable_path/../Frameworks";
				MACOSX_DEPLOYMENT_TARGET = 10.10;
				OTHER_SWIFT_FLAGS = "-DDEBUG";
				PRODUCT_NAME = Warp;
				SWIFT_OBJC_BRIDGING_HEADER = QBE/QBEObjectiveCBridge.h;
				VALID_ARCHS = "i386 x86_64";
			};
			name = Debug;
		};
		654EBAB51AA7A2AE00DDBBCA /* Release */ = {
			isa = XCBuildConfiguration;
			buildSettings = {
				ASSETCATALOG_COMPILER_APPICON_NAME = AppIcon;
				CODE_SIGN_ENTITLEMENTS = Warp.entitlements;
				CODE_SIGN_IDENTITY = "Developer ID Application";
				COMBINE_HIDPI_IMAGES = YES;
				INFOPLIST_FILE = "Warp App Store-Info.plist";
				LD_RUNPATH_SEARCH_PATHS = "$(inherited) @executable_path/../Frameworks";
				MACOSX_DEPLOYMENT_TARGET = 10.10;
				OTHER_SWIFT_FLAGS = "";
				PRODUCT_NAME = Warp;
				SWIFT_OBJC_BRIDGING_HEADER = QBE/QBEObjectiveCBridge.h;
				SWIFT_OPTIMIZATION_LEVEL = "-Ounchecked";
				SWIFT_WHOLE_MODULE_OPTIMIZATION = YES;
				VALID_ARCHS = "i386 x86_64";
			};
			name = Release;
		};
		65E3C2C91A05222F007BB3C8 /* Debug */ = {
			isa = XCBuildConfiguration;
			buildSettings = {
				ALWAYS_SEARCH_USER_PATHS = NO;
				CLANG_CXX_LANGUAGE_STANDARD = "gnu++0x";
				CLANG_CXX_LIBRARY = "libc++";
				CLANG_ENABLE_MODULES = YES;
				CLANG_ENABLE_OBJC_ARC = YES;
				CLANG_WARN_BOOL_CONVERSION = YES;
				CLANG_WARN_CONSTANT_CONVERSION = YES;
				CLANG_WARN_DIRECT_OBJC_ISA_USAGE = YES_ERROR;
				CLANG_WARN_EMPTY_BODY = YES;
				CLANG_WARN_ENUM_CONVERSION = YES;
				CLANG_WARN_INT_CONVERSION = YES;
				CLANG_WARN_OBJC_ROOT_CLASS = YES_ERROR;
				CLANG_WARN_UNREACHABLE_CODE = YES;
				CLANG_WARN__DUPLICATE_METHOD_MATCH = YES;
				COPY_PHASE_STRIP = NO;
				CURRENT_PROJECT_VERSION = 1;
				ENABLE_STRICT_OBJC_MSGSEND = YES;
				GCC_C_LANGUAGE_STANDARD = gnu99;
				GCC_DYNAMIC_NO_PIC = NO;
				GCC_OPTIMIZATION_LEVEL = 0;
				GCC_PREPROCESSOR_DEFINITIONS = (
					"DEBUG=1",
					"$(inherited)",
				);
				GCC_SYMBOLS_PRIVATE_EXTERN = NO;
				GCC_WARN_64_TO_32_BIT_CONVERSION = YES;
				GCC_WARN_ABOUT_RETURN_TYPE = YES_ERROR;
				GCC_WARN_UNDECLARED_SELECTOR = YES;
				GCC_WARN_UNINITIALIZED_AUTOS = YES_AGGRESSIVE;
				GCC_WARN_UNUSED_FUNCTION = YES;
				GCC_WARN_UNUSED_VARIABLE = YES;
				MACOSX_DEPLOYMENT_TARGET = 10.10;
				MTL_ENABLE_DEBUG_INFO = YES;
				ONLY_ACTIVE_ARCH = YES;
				SDKROOT = macosx;
				SWIFT_OPTIMIZATION_LEVEL = "-Onone";
				VERSIONING_SYSTEM = "apple-generic";
				VERSION_INFO_PREFIX = "";
			};
			name = Debug;
		};
		65E3C2CA1A05222F007BB3C8 /* Release */ = {
			isa = XCBuildConfiguration;
			buildSettings = {
				ALWAYS_SEARCH_USER_PATHS = NO;
				CLANG_CXX_LANGUAGE_STANDARD = "gnu++0x";
				CLANG_CXX_LIBRARY = "libc++";
				CLANG_ENABLE_MODULES = YES;
				CLANG_ENABLE_OBJC_ARC = YES;
				CLANG_WARN_BOOL_CONVERSION = YES;
				CLANG_WARN_CONSTANT_CONVERSION = YES;
				CLANG_WARN_DIRECT_OBJC_ISA_USAGE = YES_ERROR;
				CLANG_WARN_EMPTY_BODY = YES;
				CLANG_WARN_ENUM_CONVERSION = YES;
				CLANG_WARN_INT_CONVERSION = YES;
				CLANG_WARN_OBJC_ROOT_CLASS = YES_ERROR;
				CLANG_WARN_UNREACHABLE_CODE = YES;
				CLANG_WARN__DUPLICATE_METHOD_MATCH = YES;
				COPY_PHASE_STRIP = YES;
				CURRENT_PROJECT_VERSION = 1;
				DEBUG_INFORMATION_FORMAT = "dwarf-with-dsym";
				ENABLE_NS_ASSERTIONS = NO;
				ENABLE_STRICT_OBJC_MSGSEND = YES;
				GCC_C_LANGUAGE_STANDARD = gnu99;
				GCC_OPTIMIZATION_LEVEL = fast;
				GCC_WARN_64_TO_32_BIT_CONVERSION = YES;
				GCC_WARN_ABOUT_RETURN_TYPE = YES_ERROR;
				GCC_WARN_UNDECLARED_SELECTOR = YES;
				GCC_WARN_UNINITIALIZED_AUTOS = YES_AGGRESSIVE;
				GCC_WARN_UNUSED_FUNCTION = YES;
				GCC_WARN_UNUSED_VARIABLE = YES;
				LLVM_LTO = YES;
				MACOSX_DEPLOYMENT_TARGET = 10.10;
				MTL_ENABLE_DEBUG_INFO = NO;
				SDKROOT = macosx;
				SWIFT_OPTIMIZATION_LEVEL = "-Onone";
				VERSIONING_SYSTEM = "apple-generic";
				VERSION_INFO_PREFIX = "";
			};
			name = Release;
		};
		65E3C3081A062E5E007BB3C8 /* Debug */ = {
			isa = XCBuildConfiguration;
			buildSettings = {
				ASSETCATALOG_COMPILER_APPICON_NAME = AppIcon;
				CODE_SIGN_IDENTITY = "Developer ID Application";
				COMBINE_HIDPI_IMAGES = YES;
				GCC_PREPROCESSOR_DEFINITIONS = (
					"DEBUG=1",
					"$(inherited)",
				);
				INFOPLIST_FILE = QBE/Info.plist;
				LD_RUNPATH_SEARCH_PATHS = "$(inherited) @executable_path/../Frameworks";
				MACOSX_DEPLOYMENT_TARGET = 10.10;
				OTHER_SWIFT_FLAGS = "-DDEBUG";
				PRODUCT_NAME = "$(TARGET_NAME)";
				SWIFT_OBJC_BRIDGING_HEADER = QBE/QBEObjectiveCBridge.h;
				VALID_ARCHS = "i386 x86_64";
			};
			name = Debug;
		};
		65E3C3091A062E5E007BB3C8 /* Release */ = {
			isa = XCBuildConfiguration;
			buildSettings = {
				ASSETCATALOG_COMPILER_APPICON_NAME = AppIcon;
				CODE_SIGN_IDENTITY = "Developer ID Application";
				COMBINE_HIDPI_IMAGES = YES;
				INFOPLIST_FILE = QBE/Info.plist;
				LD_RUNPATH_SEARCH_PATHS = "$(inherited) @executable_path/../Frameworks";
				MACOSX_DEPLOYMENT_TARGET = 10.10;
				OTHER_SWIFT_FLAGS = "";
				PRODUCT_NAME = "$(TARGET_NAME)";
				SWIFT_OBJC_BRIDGING_HEADER = QBE/QBEObjectiveCBridge.h;
				SWIFT_OPTIMIZATION_LEVEL = "-Ounchecked";
				SWIFT_WHOLE_MODULE_OPTIMIZATION = YES;
				VALID_ARCHS = "i386 x86_64";
			};
			name = Release;
		};
		65E3C30B1A062E5E007BB3C8 /* Debug */ = {
			isa = XCBuildConfiguration;
			buildSettings = {
				BUNDLE_LOADER = "$(TEST_HOST)";
				COMBINE_HIDPI_IMAGES = YES;
				FRAMEWORK_SEARCH_PATHS = (
					"$(DEVELOPER_FRAMEWORKS_DIR)",
					"$(inherited)",
				);
				GCC_PREPROCESSOR_DEFINITIONS = (
					"DEBUG=1",
					"$(inherited)",
				);
				INFOPLIST_FILE = QBETests/Info.plist;
				LD_RUNPATH_SEARCH_PATHS = "$(inherited) @executable_path/../Frameworks @loader_path/../Frameworks";
				PRODUCT_NAME = "$(TARGET_NAME)";
				TEST_HOST = "$(BUILT_PRODUCTS_DIR)/Warp.app/Contents/MacOS/Warp";
			};
			name = Debug;
		};
		65E3C30C1A062E5E007BB3C8 /* Release */ = {
			isa = XCBuildConfiguration;
			buildSettings = {
				BUNDLE_LOADER = "$(TEST_HOST)";
				COMBINE_HIDPI_IMAGES = YES;
				FRAMEWORK_SEARCH_PATHS = (
					"$(DEVELOPER_FRAMEWORKS_DIR)",
					"$(inherited)",
				);
				INFOPLIST_FILE = QBETests/Info.plist;
				LD_RUNPATH_SEARCH_PATHS = "$(inherited) @executable_path/../Frameworks @loader_path/../Frameworks";
				PRODUCT_NAME = "$(TARGET_NAME)";
				TEST_HOST = "$(BUILT_PRODUCTS_DIR)/Warp.app/Contents/MacOS/Warp";
			};
			name = Release;
		};
/* End XCBuildConfiguration section */

/* Begin XCConfigurationList section */
		654EBAB31AA7A2AE00DDBBCA /* Build configuration list for PBXNativeTarget "Warp (app store)" */ = {
			isa = XCConfigurationList;
			buildConfigurations = (
				654EBAB41AA7A2AE00DDBBCA /* Debug */,
				654EBAB51AA7A2AE00DDBBCA /* Release */,
			);
			defaultConfigurationIsVisible = 0;
			defaultConfigurationName = Release;
		};
		65E3C2AF1A05222F007BB3C8 /* Build configuration list for PBXProject "QBE" */ = {
			isa = XCConfigurationList;
			buildConfigurations = (
				65E3C2C91A05222F007BB3C8 /* Debug */,
				65E3C2CA1A05222F007BB3C8 /* Release */,
			);
			defaultConfigurationIsVisible = 0;
			defaultConfigurationName = Release;
		};
		65E3C3071A062E5E007BB3C8 /* Build configuration list for PBXNativeTarget "Warp" */ = {
			isa = XCConfigurationList;
			buildConfigurations = (
				65E3C3081A062E5E007BB3C8 /* Debug */,
				65E3C3091A062E5E007BB3C8 /* Release */,
			);
			defaultConfigurationIsVisible = 0;
			defaultConfigurationName = Release;
		};
		65E3C30A1A062E5E007BB3C8 /* Build configuration list for PBXNativeTarget "QBETests" */ = {
			isa = XCConfigurationList;
			buildConfigurations = (
				65E3C30B1A062E5E007BB3C8 /* Debug */,
				65E3C30C1A062E5E007BB3C8 /* Release */,
			);
			defaultConfigurationIsVisible = 0;
			defaultConfigurationName = Release;
		};
/* End XCConfigurationList section */
	};
	rootObject = 65E3C2AC1A05222F007BB3C8 /* Project object */;
}
